{
  "ailang_version": "v0.10.0",
  "generated_at": "2026-03-30T11:12:51.726323Z",
  "generator": "ailang lock v0.10.0",
  "packages": [
    {
      "ailang": ">=0.9.2",
      "content_hash": "sha256:2272a5cddae4692b50cc732a88935c70a86e7b7dd7bcdbb58654fe371ad2aa42",
      "effects": [],
      "exports": [
        "sunholo/a2ui/components"
      ],
      "interface_hash": "sha256:5a0908aceb029ed7e4a5bcf9e627697922fb1ed8756a32a6b67c9d0faa0328e6",
      "name": "sunholo/a2ui",
      "source": "registry",
      "version": "0.1.0"
    },
    {
      "ailang": ">=0.9.2",
      "content_hash": "sha256:ad23c73004ff9a1737767ee955ab7956a169b0f8dcbf1d3a7f6e0d0a176dac45",
      "effects": null,
      "exports": [
        "sunholo/logging/logger"
      ],
      "interface_hash": "sha256:99ebe707436f715a52bf897a8c4cca699acfbd83ff007a3d8e16f1c5608ce1e7",
      "name": "sunholo/logging",
      "source": "registry",
      "version": "0.4.0"
    }
  ],
  "schema": "ailang.lock/v1",
  "schema_version": "1.0.0"
}
