{
  "ailang_version": "v0.11.4-3-g1a81207a-dirty",
  "generated_at": "2026-04-14T15:06:42.446339Z",
  "generator": "ailang lock v0.11.4-3-g1a81207a-dirty",
  "packages": [
    {
      "ailang": ">=0.9.2",
      "content_hash": "sha256:2272a5cddae4692b50cc732a88935c70a86e7b7dd7bcdbb58654fe371ad2aa42",
      "effects": [],
      "exports": [
        "sunholo/a2ui/components"
      ],
      "interface_hash": "sha256:5a0908aceb029ed7e4a5bcf9e627697922fb1ed8756a32a6b67c9d0faa0328e6",
      "name": "sunholo/a2ui",
      "source": "registry",
      "version": "0.1.0"
    },
    {
      "ailang": ">=0.9.5",
      "content_hash": "sha256:a3e463d35bba9cfd443bbc7e7c7f74188281be2f943c7983b2ee99f1ed89d13a",
      "effects": [
        "Env",
        "FS",
        "Net"
      ],
      "exports": [
        "sunholo/gcp_auth/project",
        "sunholo/gcp_auth/token"
      ],
      "interface_hash": "sha256:2e381af52297f5d02ab20b70ebc79d261973b3bc664f91fb11036f086588f137",
      "name": "sunholo/gcp_auth",
      "source": "registry",
      "version": "0.8.0"
    },
    {
      "ailang": ">=0.9.5",
      "content_hash": "sha256:ce4f9d54a5ab7190a57d5809a1fc836a6b1dfdc836c6b4b2892b7889c417097b",
      "effects": [
        "Clock",
        "Env",
        "FS",
        "Net"
      ],
      "exports": [
        "sunholo/gemini_files/endpoints",
        "sunholo/gemini_files/upload"
      ],
      "interface_hash": "sha256:0a5264f8cab417c62e2624308a6c943f545d4c0ef36457c19d56aeb13e575a4e",
      "name": "sunholo/gemini_files",
      "source": "registry",
      "version": "0.1.0"
    },
    {
      "ailang": ">=0.9.5",
      "content_hash": "sha256:34f88ea5038aaf6104c2aa98bd3ebccf335ec48efb2da96a0112ba557cf90a79",
      "effects": [
        "Net"
      ],
      "exports": [
        "sunholo/http_helpers/request",
        "sunholo/http_helpers/response"
      ],
      "interface_hash": "sha256:d931dc4c4b8c933dbf742d18f53c214112c666e27132ec725636658d288e2143",
      "name": "sunholo/http_helpers",
      "source": "registry",
      "version": "0.1.3"
    },
    {
      "ailang": ">=0.9.2",
      "content_hash": "sha256:ad23c73004ff9a1737767ee955ab7956a169b0f8dcbf1d3a7f6e0d0a176dac45",
      "effects": null,
      "exports": [
        "sunholo/logging/logger"
      ],
      "interface_hash": "sha256:99ebe707436f715a52bf897a8c4cca699acfbd83ff007a3d8e16f1c5608ce1e7",
      "name": "sunholo/logging",
      "source": "registry",
      "version": "0.4.0"
    }
  ],
  "schema": "ailang.lock/v1",
  "schema_version": "1.0.0"
}
