{
  "ailang_version": "dev",
  "generated_at": "2026-08-31T11:24:06.129244189Z",
  "generator": "ailang lock dev",
  "packages": [
    {
      "ailang": ">=0.9.2",
      "content_hash": "sha256:bd7aa918d0f36d1024be583838be1876354c185b012a71f1f3efb5b8cbc5fbe0",
      "effects": [],
      "exports": [
        "sunholo/a2ui/components"
      ],
      "interface_hash": "sha256:5a0908aceb029ed7e4a5bcf9e627697922fb1ed8756a32a6b67c9d0faa0328e6",
      "name": "sunholo/a2ui",
      "source": "registry",
      "version": "0.2.0"
    },
    {
      "ailang": ">=0.19.0",
      "content_hash": "sha256:be8b86b7f9cfa822334724dcf7c4dc8196172a70e0c9b344ffd8357a94ba885b",
      "effects": [
        "IO",
        "Process"
      ],
      "exports": [
        "sunholo/external_backend/runner"
      ],
      "interface_hash": "sha256:d7f1bbb10c0b98628ab1a773a9758135581118b2b142f3369f105c1da53f69ac",
      "name": "sunholo/external_backend",
      "source": "registry",
      "version": "0.1.0"
    },
    {
      "ailang": ">=0.12.1",
      "content_hash": "sha256:3446eac4994d04c55cfc29fb490c911503ad2ca5c04ec491edc256509d311dee",
      "effects": [
        "Env",
        "FS",
        "Net"
      ],
      "exports": [
        "sunholo/gcp_auth/project",
        "sunholo/gcp_auth/token"
      ],
      "interface_hash": "sha256:22db0a58575c0664a3b1643c7010aa1c1619097b3b106196041e68674490ef39",
      "name": "sunholo/gcp_auth",
      "source": "registry",
      "version": "0.8.1"
    },
    {
      "ailang": ">=0.12.1",
      "content_hash": "sha256:6eb092fed518310808a1d5d4cade1cfd0e7b0ea09a7c02a475af37140638856b",
      "effects": [
        "Clock",
        "Env",
        "FS",
        "Net"
      ],
      "exports": [
        "sunholo/gemini_files/endpoints",
        "sunholo/gemini_files/upload"
      ],
      "interface_hash": "sha256:d2471c71e04ea530961f43779aeddd7bae19c458469992110760f04f4469231c",
      "name": "sunholo/gemini_files",
      "source": "registry",
      "version": "0.2.0"
    },
    {
      "ailang": ">=0.12.1",
      "content_hash": "sha256:40b433ad3cf6f2eb1be00265e6d554b7872fc8665ad6f7b1c1d7261edd76795b",
      "effects": [
        "Net"
      ],
      "exports": [
        "sunholo/http_helpers/request",
        "sunholo/http_helpers/response"
      ],
      "interface_hash": "sha256:cbedfe91ddeb989f8134dddd82c04e0cb1ce2e24844ed71f1d73971a0ce26c37",
      "name": "sunholo/http_helpers",
      "source": "registry",
      "version": "0.1.4"
    },
    {
      "ailang": ">=0.9.2",
      "content_hash": "sha256:ad23c73004ff9a1737767ee955ab7956a169b0f8dcbf1d3a7f6e0d0a176dac45",
      "effects": null,
      "exports": [
        "sunholo/logging/logger"
      ],
      "interface_hash": "sha256:99ebe707436f715a52bf897a8c4cca699acfbd83ff007a3d8e16f1c5608ce1e7",
      "name": "sunholo/logging",
      "source": "registry",
      "version": "0.4.0"
    }
  ],
  "schema": "ailang.lock/v1",
  "schema_version": "1.0.0"
}
